// !$*UTF8*$!
{
	archiveVersion = 1;
	classes = {
	};
	objectVersion = 50;
	objects = {

/* Begin PBXBuildFile section */
		9B1F896A21E4D84100710529 /* AppDelegate.swift in Sources */ = {isa = PBXBuildFile; fileRef = 9B1F896921E4D84100710529 /* AppDelegate.swift */; };
		9B1F896C21E4D84100710529 /* ViewController.swift in Sources */ = {isa = PBXBuildFile; fileRef = 9B1F896B21E4D84100710529 /* ViewController.swift */; };
		9B1F896F21E4D84100710529 /* Main.storyboard in Resources */ = {isa = PBXBuildFile; fileRef = 9B1F896D21E4D84100710529 /* Main.storyboard */; };
		9B1F897121E4D84400710529 /* Assets.xcassets in Resources */ = {isa = PBXBuildFile; fileRef = 9B1F897021E4D84400710529 /* Assets.xcassets */; };
		9B1F897421E4D84400710529 /* LaunchScreen.storyboard in Resources */ = {isa = PBXBuildFile; fileRef = 9B1F897221E4D84400710529 /* LaunchScreen.storyboard */; };
		9B1F897C21E4D8A900710529 /* Colors.swift in Sources */ = {isa = PBXBuildFile; fileRef = 9B1F897B21E4D8A900710529 /* Colors.swift */; };
		9B1F897E21E4D96900710529 /* LabelSubclass.swift in Sources */ = {isa = PBXBuildFile; fileRef = 9B1F897D21E4D96900710529 /* LabelSubclass.swift */; };
/* End PBXBuildFile section */

/* Begin PBXFileReference section */
		9B1F896621E4D84100710529 /* IBDesignablesCrasher.app */ = {isa = PBXFileReference; explicitFileType = wrapper.application; includeInIndex = 0; path = IBDesignablesCrasher.app; sourceTree = BUILT_PRODUCTS_DIR; };
		9B1F896921E4D84100710529 /* AppDelegate.swift */ = {isa = PBXFileReference; lastKnownFileType = sourcecode.swift; path = AppDelegate.swift; sourceTree = "<group>"; };
		9B1F896B21E4D84100710529 /* ViewController.swift */ = {isa = PBXFileReference; lastKnownFileType = sourcecode.swift; path = ViewController.swift; sourceTree = "<group>"; };
		9B1F896E21E4D84100710529 /* Base */ = {isa = PBXFileReference; lastKnownFileType = file.storyboard; name = Base; path = Base.lproj/Main.storyboard; sourceTree = "<group>"; };
		9B1F897021E4D84400710529 /* Assets.xcassets */ = {isa = PBXFileReference; lastKnownFileType = folder.assetcatalog; path = Assets.xcassets; sourceTree = "<group>"; };
		9B1F897321E4D84400710529 /* Base */ = {isa = PBXFileReference; lastKnownFileType = file.storyboard; name = Base; path = Base.lproj/LaunchScreen.storyboard; sourceTree = "<group>"; };
		9B1F897521E4D84400710529 /* Info.plist */ = {isa = PBXFileReference; lastKnownFileType = text.plist.xml; path = Info.plist; sourceTree = "<group>"; };
		9B1F897B21E4D8A900710529 /* Colors.swift */ = {isa = PBXFileReference; lastKnownFileType = sourcecode.swift; path = Colors.swift; sourceTree = "<group>"; };
		9B1F897D21E4D96900710529 /* LabelSubclass.swift */ = {isa = PBXFileReference; lastKnownFileType = sourcecode.swift; path = LabelSubclass.swift; sourceTree = "<group>"; };
/* End PBXFileReference section */

/* Begin PBXFrameworksBuildPhase section */
		9B1F896321E4D84100710529 /* Frameworks */ = {
			isa = PBXFrameworksBuildPhase;
			buildActionMask = 2147483647;
			files = (
			);
			runOnlyForDeploymentPostprocessing = 0;
		};
/* End PBXFrameworksBuildPhase section */

/* Begin PBXGroup section */
		9B1F895D21E4D84100710529 = {
			isa = PBXGroup;
			children = (
				9B1F896821E4D84100710529 /* IBDesignablesCrasher */,
				9B1F896721E4D84100710529 /* Products */,
			);
			sourceTree = "<group>";
		};
		9B1F896721E4D84100710529 /* Products */ = {
			isa = PBXGroup;
			children = (
				9B1F896621E4D84100710529 /* IBDesignablesCrasher.app */,
			);
			name = Products;
			sourceTree = "<group>";
		};
		9B1F896821E4D84100710529 /* IBDesignablesCrasher */ = {
			isa = PBXGroup;
			children = (
				9B1F896921E4D84100710529 /* AppDelegate.swift */,
				9B1F896B21E4D84100710529 /* ViewController.swift */,
				9B1F896D21E4D84100710529 /* Main.storyboard */,
				9B1F897021E4D84400710529 /* Assets.xcassets */,
				9B1F897221E4D84400710529 /* LaunchScreen.storyboard */,
				9B1F897521E4D84400710529 /* Info.plist */,
				9B1F897B21E4D8A900710529 /* Colors.swift */,
				9B1F897D21E4D96900710529 /* LabelSubclass.swift */,
			);
			path = IBDesignablesCrasher;
			sourceTree = "<group>";
		};
/* End PBXGroup section */

/* Begin PBXNativeTarget section */
		9B1F896521E4D84100710529 /* IBDesignablesCrasher */ = {
			isa = PBXNativeTarget;
			buildConfigurationList = 9B1F897821E4D84400710529 /* Build configuration list for PBXNativeTarget "IBDesignablesCrasher" */;
			buildPhases = (
				9B1F896221E4D84100710529 /* Sources */,
				9B1F896321E4D84100710529 /* Frameworks */,
				9B1F896421E4D84100710529 /* Resources */,
			);
			buildRules = (
			);
			dependencies = (
			);
			name = IBDesignablesCrasher;
			productName = IBDesignablesCrasher;
			productReference = 9B1F896621E4D84100710529 /* IBDesignablesCrasher.app */;
			productType = "com.apple.product-type.application";
		};
/* End PBXNativeTarget section */

/* Begin PBXProject section */
		9B1F895E21E4D84100710529 /* Project object */ = {
			isa = PBXProject;
			attributes = {
				LastSwiftUpdateCheck = 1010;
				LastUpgradeCheck = 1010;
				ORGANIZATIONNAME = "Bakken & Baeck";
				TargetAttributes = {
					9B1F896521E4D84100710529 = {
						CreatedOnToolsVersion = 10.1;
					};
				};
			};
			buildConfigurationList = 9B1F896121E4D84100710529 /* Build configuration list for PBXProject "IBDesignablesCrasher" */;
			compatibilityVersion = "Xcode 9.3";
			developmentRegion = en;
			hasScannedForEncodings = 0;
			knownRegions = (
				en,
				Base,
			);
			mainGroup = 9B1F895D21E4D84100710529;
			productRefGroup = 9B1F896721E4D84100710529 /* Products */;
			projectDirPath = "";
			projectRoot = "";
			targets = (
				9B1F896521E4D84100710529 /* IBDesignablesCrasher */,
			);
		};
/* End PBXProject section */

/* Begin PBXResourcesBuildPhase section */
		9B1F896421E4D84100710529 /* Resources */ = {
			isa = PBXResourcesBuildPhase;
			buildActionMask = 2147483647;
			files = (
				9B1F897421E4D84400710529 /* LaunchScreen.storyboard in Resources */,
				9B1F897121E4D84400710529 /* Assets.xcassets in Resources */,
				9B1F896F21E4D84100710529 /* Main.storyboard in Resources */,
			);
			runOnlyForDeploymentPostprocessing = 0;
		};
/* End PBXResourcesBuildPhase section */

/* Begin PBXSourcesBuildPhase section */
		9B1F896221E4D84100710529 /* Sources */ = {
			isa = PBXSourcesBuildPhase;
			buildActionMask = 2147483647;
			files = (
				9B1F896C21E4D84100710529 /* ViewController.swift in Sources */,
				9B1F897C21E4D8A900710529 /* Colors.swift in Sources */,
				9B1F897E21E4D96900710529 /* LabelSubclass.swift in Sources */,
				9B1F896A21E4D84100710529 /* AppDelegate.swift in Sources */,
			);
			runOnlyForDeploymentPostprocessing = 0;
		};
/* End PBXSourcesBuildPhase section */

/* Begin PBXVariantGroup section */
		9B1F896D21E4D84100710529 /* Main.storyboard */ = {
			isa = PBXVariantGroup;
			children = (
				9B1F896E21E4D84100710529 /* Base */,
			);
			name = Main.storyboard;
			sourceTree = "<group>";
		};
		9B1F897221E4D84400710529 /* LaunchScreen.storyboard */ = {
			isa = PBXVariantGroup;
			children = (
				9B1F897321E4D84400710529 /* Base */,
			);
			name = LaunchScreen.storyboard;
			sourceTree = "<group>";
		};
/* End PBXVariantGroup section */

/* Begin XCBuildConfiguration section */
		9B1F897621E4D84400710529 /* Debug */ = {
			isa = XCBuildConfiguration;
			buildSettings = {
				ALWAYS_SEARCH_USER_PATHS = NO;
				CLANG_ANALYZER_NONNULL = YES;
				CLANG_ANALYZER_NUMBER_OBJECT_CONVERSION = YES_AGGRESSIVE;
				CLANG_CXX_LANGUAGE_STANDARD = "gnu++14";
				CLANG_CXX_LIBRARY = "libc++";
				CLANG_ENABLE_MODULES = YES;
				CLANG_ENABLE_OBJC_ARC = YES;
				CLANG_ENABLE_OBJC_WEAK = YES;
				CLANG_WARN_BLOCK_CAPTURE_AUTORELEASING = YES;
				CLANG_WARN_BOOL_CONVERSION = YES;
				CLANG_WARN_COMMA = YES;
				CLANG_WARN_CONSTANT_CONVERSION = YES;
				CLANG_WARN_DEPRECATED_OBJC_IMPLEMENTATIONS = YES;
				CLANG_WARN_DIRECT_OBJC_ISA_USAGE = YES_ERROR;
				CLANG_WARN_DOCUMENTATION_COMMENTS = YES;
				CLANG_WARN_EMPTY_BODY = YES;
				CLANG_WARN_ENUM_CONVERSION = YES;
				CLANG_WARN_INFINITE_RECURSION = YES;
				CLANG_WARN_INT_CONVERSION = YES;
				CLANG_WARN_NON_LITERAL_NULL_CONVERSION = YES;
				CLANG_WARN_OBJC_IMPLICIT_RETAIN_SELF = YES;
				CLANG_WARN_OBJC_LITERAL_CONVERSION = YES;
				CLANG_WARN_OBJC_ROOT_CLASS = YES_ERROR;
				CLANG_WARN_RANGE_LOOP_ANALYSIS = YES;
				CLANG_WARN_STRICT_PROTOTYPES = YES;
				CLANG_WARN_SUSPICIOUS_MOVE = YES;
				CLANG_WARN_UNGUARDED_AVAILABILITY = YES_AGGRESSIVE;
				CLANG_WARN_UNREACHABLE_CODE = YES;
				CLANG_WARN__DUPLICATE_METHOD_MATCH = YES;
				CODE_SIGN_IDENTITY = "iPhone Developer";
				COPY_PHASE_STRIP = NO;
				DEBUG_INFORMATION_FORMAT = dwarf;
				ENABLE_STRICT_OBJC_MSGSEND = YES;
				ENABLE_TESTABILITY = YES;
				GCC_C_LANGUAGE_STANDARD = gnu11;
				GCC_DYNAMIC_NO_PIC = NO;
				GCC_NO_COMMON_BLOCKS = YES;
				GCC_OPTIMIZATION_LEVEL = 0;
				GCC_PREPROCESSOR_DEFINITIONS = (
					"DEBUG=1",
					"$(inherited)",
				);
				GCC_WARN_64_TO_32_BIT_CONVERSION = YES;
				GCC_WARN_ABOUT_RETURN_TYPE = YES_ERROR;
				GCC_WARN_UNDECLARED_SELECTOR = YES;
				GCC_WARN_UNINITIALIZED_AUTOS = YES_AGGRESSIVE;
				GCC_WARN_UNUSED_FUNCTION = YES;
				GCC_WARN_UNUSED_VARIABLE = YES;
				IPHONEOS_DEPLOYMENT_TARGET = 12.1;
				MTL_ENABLE_DEBUG_INFO = INCLUDE_SOURCE;
				MTL_FAST_MATH = YES;
				ONLY_ACTIVE_ARCH = YES;
				SDKROOT = iphoneos;
				SWIFT_ACTIVE_COMPILATION_CONDITIONS = DEBUG;
				SWIFT_OPTIMIZATION_LEVEL = "-Onone";
			};
			name = Debug;
		};
		9B1F897721E4D84400710529 /* Release */ = {
			isa = XCBuildConfiguration;
			buildSettings = {
				ALWAYS_SEARCH_USER_PATHS = NO;
				CLANG_ANALYZER_NONNULL = YES;
				CLANG_ANALYZER_NUMBER_OBJECT_CONVERSION = YES_AGGRESSIVE;
				CLANG_CXX_LANGUAGE_STANDARD = "gnu++14";
				CLANG_CXX_LIBRARY = "libc++";
				CLANG_ENABLE_MODULES = YES;
				CLANG_ENABLE_OBJC_ARC = YES;
				CLANG_ENABLE_OBJC_WEAK = YES;
				CLANG_WARN_BLOCK_CAPTURE_AUTORELEASING = YES;
				CLANG_WARN_BOOL_CONVERSION = YES;
				CLANG_WARN_COMMA = YES;
				CLANG_WARN_CONSTANT_CONVERSION = YES;
				CLANG_WARN_DEPRECATED_OBJC_IMPLEMENTATIONS = YES;
				CLANG_WARN_DIRECT_OBJC_ISA_USAGE = YES_ERROR;
				CLANG_WARN_DOCUMENTATION_COMMENTS = YES;
				CLANG_WARN_EMPTY_BODY = YES;
				CLANG_WARN_ENUM_CONVERSION = YES;
				CLANG_WARN_INFINITE_RECURSION = YES;
				CLANG_WARN_INT_CONVERSION = YES;
				CLANG_WARN_NON_LITERAL_NULL_CONVERSION = YES;
				CLANG_WARN_OBJC_IMPLICIT_RETAIN_SELF = YES;
				CLANG_WARN_OBJC_LITERAL_CONVERSION = YES;
				CLANG_WARN_OBJC_ROOT_CLASS = YES_ERROR;
				CLANG_WARN_RANGE_LOOP_ANALYSIS = YES;
				CLANG_WARN_STRICT_PROTOTYPES = YES;
				CLANG_WARN_SUSPICIOUS_MOVE = YES;
				CLANG_WARN_UNGUARDED_AVAILABILITY = YES_AGGRESSIVE;
				CLANG_WARN_UNREACHABLE_CODE = YES;
				CLANG_WARN__DUPLICATE_METHOD_MATCH = YES;
				CODE_SIGN_IDENTITY = "iPhone Developer";
				COPY_PHASE_STRIP = NO;
				DEBUG_INFORMATION_FORMAT = "dwarf-with-dsym";
				ENABLE_NS_ASSERTIONS = NO;
				ENABLE_STRICT_OBJC_MSGSEND = YES;
				GCC_C_LANGUAGE_STANDARD = gnu11;
				GCC_NO_COMMON_BLOCKS = YES;
				GCC_WARN_64_TO_32_BIT_CONVERSION = YES;
				GCC_WARN_ABOUT_RETURN_TYPE = YES_ERROR;
				GCC_WARN_UNDECLARED_SELECTOR = YES;
				GCC_WARN_UNINITIALIZED_AUTOS = YES_AGGRESSIVE;
				GCC_WARN_UNUSED_FUNCTION = YES;
				GCC_WARN_UNUSED_VARIABLE = YES;
				IPHONEOS_DEPLOYMENT_TARGET = 12.1;
				MTL_ENABLE_DEBUG_INFO = NO;
				MTL_FAST_MATH = YES;
				SDKROOT = iphoneos;
				SWIFT_COMPILATION_MODE = wholemodule;
				SWIFT_OPTIMIZATION_LEVEL = "-O";
				VALIDATE_PRODUCT = YES;
			};
			name = Release;
		};
		9B1F897921E4D84400710529 /* Debug */ = {
			isa = XCBuildConfiguration;
			buildSettings = {
				ASSETCATALOG_COMPILER_APPICON_NAME = AppIcon;
				CODE_SIGN_STYLE = Automatic;
				INFOPLIST_FILE = IBDesignablesCrasher/Info.plist;
				LD_RUNPATH_SEARCH_PATHS = (
					"$(inherited)",
					"@executable_path/Frameworks",
				);
				PRODUCT_BUNDLE_IDENTIFIER = no.bakkenbaeck.IBDesignablesCrasher;
				PRODUCT_NAME = "$(TARGET_NAME)";
				SWIFT_VERSION = 4.2;
				TARGETED_DEVICE_FAMILY = "1,2";
			};
			name = Debug;
		};
		9B1F897A21E4D84400710529 /* Release */ = {
			isa = XCBuildConfiguration;
			buildSettings = {
				ASSETCATALOG_COMPILER_APPICON_NAME = AppIcon;
				CODE_SIGN_STYLE = Automatic;
				INFOPLIST_FILE = IBDesignablesCrasher/Info.plist;
				LD_RUNPATH_SEARCH_PATHS = (
					"$(inherited)",
					"@executable_path/Frameworks",
				);
				PRODUCT_BUNDLE_IDENTIFIER = no.bakkenbaeck.IBDesignablesCrasher;
				PRODUCT_NAME = "$(TARGET_NAME)";
				SWIFT_VERSION = 4.2;
				TARGETED_DEVICE_FAMILY = "1,2";
			};
			name = Release;
		};
/* End XCBuildConfiguration section */

/* Begin XCConfigurationList section */
		9B1F896121E4D84100710529 /* Build configuration list for PBXProject "IBDesignablesCrasher" */ = {
			isa = XCConfigurationList;
			buildConfigurations = (
				9B1F897621E4D84400710529 /* Debug */,
				9B1F897721E4D84400710529 /* Release */,
			);
			defaultConfigurationIsVisible = 0;
			defaultConfigurationName = Release;
		};
		9B1F897821E4D84400710529 /* Build configuration list for PBXNativeTarget "IBDesignablesCrasher" */ = {
			isa = XCConfigurationList;
			buildConfigurations = (
				9B1F897921E4D84400710529 /* Debug */,
				9B1F897A21E4D84400710529 /* Release */,
			);
			defaultConfigurationIsVisible = 0;
			defaultConfigurationName = Release;
		};
/* End XCConfigurationList section */
	};
	rootObject = 9B1F895E21E4D84100710529 /* Project object */;
}
