// !$*UTF8*$!
{
	archiveVersion = 1;
	classes = {
	};
	objectVersion = 50;
	objects = {

/* Begin PBXBuildFile section */
		335759EE20CDA6390047B23B /* AppDelegate.swift in Sources */ = {isa = PBXBuildFile; fileRef = 335759ED20CDA6390047B23B /* AppDelegate.swift */; };
		335759F520CDA63B0047B23B /* Assets.xcassets in Resources */ = {isa = PBXBuildFile; fileRef = 335759F420CDA63B0047B23B /* Assets.xcassets */; };
		335759F820CDA63B0047B23B /* LaunchScreen.storyboard in Resources */ = {isa = PBXBuildFile; fileRef = 335759F620CDA63B0047B23B /* LaunchScreen.storyboard */; };
		33575A0020CDA6710047B23B /* GroupedTableViewNoSectionHeaders.swift in Sources */ = {isa = PBXBuildFile; fileRef = 335759FF20CDA6710047B23B /* GroupedTableViewNoSectionHeaders.swift */; };
		33575A0220CDA67F0047B23B /* GroupedTableViewWithSectionHeaders.swift in Sources */ = {isa = PBXBuildFile; fileRef = 33575A0120CDA67F0047B23B /* GroupedTableViewWithSectionHeaders.swift */; };
		33575A0420CDA8BE0047B23B /* ExampleSelectionViewController.swift in Sources */ = {isa = PBXBuildFile; fileRef = 33575A0320CDA8BE0047B23B /* ExampleSelectionViewController.swift */; };
		33575A0620CDC26B0047B23B /* GroupedTableViewWithSectionHeadersAndWorkaround.swift in Sources */ = {isa = PBXBuildFile; fileRef = 33575A0520CDC26B0047B23B /* GroupedTableViewWithSectionHeadersAndWorkaround.swift */; };
/* End PBXBuildFile section */

/* Begin PBXFileReference section */
		335759EA20CDA6390047B23B /* GroupedTableViewExtraSpace.app */ = {isa = PBXFileReference; explicitFileType = wrapper.application; includeInIndex = 0; path = GroupedTableViewExtraSpace.app; sourceTree = BUILT_PRODUCTS_DIR; };
		335759ED20CDA6390047B23B /* AppDelegate.swift */ = {isa = PBXFileReference; lastKnownFileType = sourcecode.swift; path = AppDelegate.swift; sourceTree = "<group>"; };
		335759F420CDA63B0047B23B /* Assets.xcassets */ = {isa = PBXFileReference; lastKnownFileType = folder.assetcatalog; path = Assets.xcassets; sourceTree = "<group>"; };
		335759F720CDA63B0047B23B /* Base */ = {isa = PBXFileReference; lastKnownFileType = file.storyboard; name = Base; path = Base.lproj/LaunchScreen.storyboard; sourceTree = "<group>"; };
		335759F920CDA63B0047B23B /* Info.plist */ = {isa = PBXFileReference; lastKnownFileType = text.plist.xml; path = Info.plist; sourceTree = "<group>"; };
		335759FF20CDA6710047B23B /* GroupedTableViewNoSectionHeaders.swift */ = {isa = PBXFileReference; lastKnownFileType = sourcecode.swift; path = GroupedTableViewNoSectionHeaders.swift; sourceTree = "<group>"; };
		33575A0120CDA67F0047B23B /* GroupedTableViewWithSectionHeaders.swift */ = {isa = PBXFileReference; lastKnownFileType = sourcecode.swift; path = GroupedTableViewWithSectionHeaders.swift; sourceTree = "<group>"; };
		33575A0320CDA8BE0047B23B /* ExampleSelectionViewController.swift */ = {isa = PBXFileReference; lastKnownFileType = sourcecode.swift; path = ExampleSelectionViewController.swift; sourceTree = "<group>"; };
		33575A0520CDC26B0047B23B /* GroupedTableViewWithSectionHeadersAndWorkaround.swift */ = {isa = PBXFileReference; lastKnownFileType = sourcecode.swift; path = GroupedTableViewWithSectionHeadersAndWorkaround.swift; sourceTree = "<group>"; };
/* End PBXFileReference section */

/* Begin PBXFrameworksBuildPhase section */
		335759E720CDA6390047B23B /* Frameworks */ = {
			isa = PBXFrameworksBuildPhase;
			buildActionMask = 2147483647;
			files = (
			);
			runOnlyForDeploymentPostprocessing = 0;
		};
/* End PBXFrameworksBuildPhase section */

/* Begin PBXGroup section */
		335759E120CDA6390047B23B = {
			isa = PBXGroup;
			children = (
				335759EC20CDA6390047B23B /* GroupedTableViewExtraSpace */,
				335759EB20CDA6390047B23B /* Products */,
			);
			sourceTree = "<group>";
		};
		335759EB20CDA6390047B23B /* Products */ = {
			isa = PBXGroup;
			children = (
				335759EA20CDA6390047B23B /* GroupedTableViewExtraSpace.app */,
			);
			name = Products;
			sourceTree = "<group>";
		};
		335759EC20CDA6390047B23B /* GroupedTableViewExtraSpace */ = {
			isa = PBXGroup;
			children = (
				335759ED20CDA6390047B23B /* AppDelegate.swift */,
				335759F420CDA63B0047B23B /* Assets.xcassets */,
				335759F620CDA63B0047B23B /* LaunchScreen.storyboard */,
				335759F920CDA63B0047B23B /* Info.plist */,
				335759FF20CDA6710047B23B /* GroupedTableViewNoSectionHeaders.swift */,
				33575A0120CDA67F0047B23B /* GroupedTableViewWithSectionHeaders.swift */,
				33575A0520CDC26B0047B23B /* GroupedTableViewWithSectionHeadersAndWorkaround.swift */,
				33575A0320CDA8BE0047B23B /* ExampleSelectionViewController.swift */,
			);
			path = GroupedTableViewExtraSpace;
			sourceTree = "<group>";
		};
/* End PBXGroup section */

/* Begin PBXNativeTarget section */
		335759E920CDA6390047B23B /* GroupedTableViewExtraSpace */ = {
			isa = PBXNativeTarget;
			buildConfigurationList = 335759FC20CDA63B0047B23B /* Build configuration list for PBXNativeTarget "GroupedTableViewExtraSpace" */;
			buildPhases = (
				335759E620CDA6390047B23B /* Sources */,
				335759E720CDA6390047B23B /* Frameworks */,
				335759E820CDA6390047B23B /* Resources */,
			);
			buildRules = (
			);
			dependencies = (
			);
			name = GroupedTableViewExtraSpace;
			productName = GroupedTableViewExtraSpace;
			productReference = 335759EA20CDA6390047B23B /* GroupedTableViewExtraSpace.app */;
			productType = "com.apple.product-type.application";
		};
/* End PBXNativeTarget section */

/* Begin PBXProject section */
		335759E220CDA6390047B23B /* Project object */ = {
			isa = PBXProject;
			attributes = {
				LastSwiftUpdateCheck = 0940;
				LastUpgradeCheck = 0940;
				ORGANIZATIONNAME = DesignatedNerd;
				TargetAttributes = {
					335759E920CDA6390047B23B = {
						CreatedOnToolsVersion = 9.4;
					};
				};
			};
			buildConfigurationList = 335759E520CDA6390047B23B /* Build configuration list for PBXProject "GroupedTableViewExtraSpace" */;
			compatibilityVersion = "Xcode 9.3";
			developmentRegion = en;
			hasScannedForEncodings = 0;
			knownRegions = (
				en,
				Base,
			);
			mainGroup = 335759E120CDA6390047B23B;
			productRefGroup = 335759EB20CDA6390047B23B /* Products */;
			projectDirPath = "";
			projectRoot = "";
			targets = (
				335759E920CDA6390047B23B /* GroupedTableViewExtraSpace */,
			);
		};
/* End PBXProject section */

/* Begin PBXResourcesBuildPhase section */
		335759E820CDA6390047B23B /* Resources */ = {
			isa = PBXResourcesBuildPhase;
			buildActionMask = 2147483647;
			files = (
				335759F820CDA63B0047B23B /* LaunchScreen.storyboard in Resources */,
				335759F520CDA63B0047B23B /* Assets.xcassets in Resources */,
			);
			runOnlyForDeploymentPostprocessing = 0;
		};
/* End PBXResourcesBuildPhase section */

/* Begin PBXSourcesBuildPhase section */
		335759E620CDA6390047B23B /* Sources */ = {
			isa = PBXSourcesBuildPhase;
			buildActionMask = 2147483647;
			files = (
				33575A0420CDA8BE0047B23B /* ExampleSelectionViewController.swift in Sources */,
				33575A0620CDC26B0047B23B /* GroupedTableViewWithSectionHeadersAndWorkaround.swift in Sources */,
				33575A0220CDA67F0047B23B /* GroupedTableViewWithSectionHeaders.swift in Sources */,
				33575A0020CDA6710047B23B /* GroupedTableViewNoSectionHeaders.swift in Sources */,
				335759EE20CDA6390047B23B /* AppDelegate.swift in Sources */,
			);
			runOnlyForDeploymentPostprocessing = 0;
		};
/* End PBXSourcesBuildPhase section */

/* Begin PBXVariantGroup section */
		335759F620CDA63B0047B23B /* LaunchScreen.storyboard */ = {
			isa = PBXVariantGroup;
			children = (
				335759F720CDA63B0047B23B /* Base */,
			);
			name = LaunchScreen.storyboard;
			sourceTree = "<group>";
		};
/* End PBXVariantGroup section */

/* Begin XCBuildConfiguration section */
		335759FA20CDA63B0047B23B /* Debug */ = {
			isa = XCBuildConfiguration;
			buildSettings = {
				ALWAYS_SEARCH_USER_PATHS = NO;
				CLANG_ANALYZER_NONNULL = YES;
				CLANG_ANALYZER_NUMBER_OBJECT_CONVERSION = YES_AGGRESSIVE;
				CLANG_CXX_LANGUAGE_STANDARD = "gnu++14";
				CLANG_CXX_LIBRARY = "libc++";
				CLANG_ENABLE_MODULES = YES;
				CLANG_ENABLE_OBJC_ARC = YES;
				CLANG_ENABLE_OBJC_WEAK = YES;
				CLANG_WARN_BLOCK_CAPTURE_AUTORELEASING = YES;
				CLANG_WARN_BOOL_CONVERSION = YES;
				CLANG_WARN_COMMA = YES;
				CLANG_WARN_CONSTANT_CONVERSION = YES;
				CLANG_WARN_DEPRECATED_OBJC_IMPLEMENTATIONS = YES;
				CLANG_WARN_DIRECT_OBJC_ISA_USAGE = YES_ERROR;
				CLANG_WARN_DOCUMENTATION_COMMENTS = YES;
				CLANG_WARN_EMPTY_BODY = YES;
				CLANG_WARN_ENUM_CONVERSION = YES;
				CLANG_WARN_INFINITE_RECURSION = YES;
				CLANG_WARN_INT_CONVERSION = YES;
				CLANG_WARN_NON_LITERAL_NULL_CONVERSION = YES;
				CLANG_WARN_OBJC_IMPLICIT_RETAIN_SELF = YES;
				CLANG_WARN_OBJC_LITERAL_CONVERSION = YES;
				CLANG_WARN_OBJC_ROOT_CLASS = YES_ERROR;
				CLANG_WARN_RANGE_LOOP_ANALYSIS = YES;
				CLANG_WARN_STRICT_PROTOTYPES = YES;
				CLANG_WARN_SUSPICIOUS_MOVE = YES;
				CLANG_WARN_UNGUARDED_AVAILABILITY = YES_AGGRESSIVE;
				CLANG_WARN_UNREACHABLE_CODE = YES;
				CLANG_WARN__DUPLICATE_METHOD_MATCH = YES;
				CODE_SIGN_IDENTITY = "iPhone Developer";
				COPY_PHASE_STRIP = NO;
				DEBUG_INFORMATION_FORMAT = dwarf;
				ENABLE_STRICT_OBJC_MSGSEND = YES;
				ENABLE_TESTABILITY = YES;
				GCC_C_LANGUAGE_STANDARD = gnu11;
				GCC_DYNAMIC_NO_PIC = NO;
				GCC_NO_COMMON_BLOCKS = YES;
				GCC_OPTIMIZATION_LEVEL = 0;
				GCC_PREPROCESSOR_DEFINITIONS = (
					"DEBUG=1",
					"$(inherited)",
				);
				GCC_WARN_64_TO_32_BIT_CONVERSION = YES;
				GCC_WARN_ABOUT_RETURN_TYPE = YES_ERROR;
				GCC_WARN_UNDECLARED_SELECTOR = YES;
				GCC_WARN_UNINITIALIZED_AUTOS = YES_AGGRESSIVE;
				GCC_WARN_UNUSED_FUNCTION = YES;
				GCC_WARN_UNUSED_VARIABLE = YES;
				IPHONEOS_DEPLOYMENT_TARGET = 11.4;
				MTL_ENABLE_DEBUG_INFO = YES;
				ONLY_ACTIVE_ARCH = YES;
				SDKROOT = iphoneos;
				SWIFT_ACTIVE_COMPILATION_CONDITIONS = DEBUG;
				SWIFT_OPTIMIZATION_LEVEL = "-Onone";
			};
			name = Debug;
		};
		335759FB20CDA63B0047B23B /* Release */ = {
			isa = XCBuildConfiguration;
			buildSettings = {
				ALWAYS_SEARCH_USER_PATHS = NO;
				CLANG_ANALYZER_NONNULL = YES;
				CLANG_ANALYZER_NUMBER_OBJECT_CONVERSION = YES_AGGRESSIVE;
				CLANG_CXX_LANGUAGE_STANDARD = "gnu++14";
				CLANG_CXX_LIBRARY = "libc++";
				CLANG_ENABLE_MODULES = YES;
				CLANG_ENABLE_OBJC_ARC = YES;
				CLANG_ENABLE_OBJC_WEAK = YES;
				CLANG_WARN_BLOCK_CAPTURE_AUTORELEASING = YES;
				CLANG_WARN_BOOL_CONVERSION = YES;
				CLANG_WARN_COMMA = YES;
				CLANG_WARN_CONSTANT_CONVERSION = YES;
				CLANG_WARN_DEPRECATED_OBJC_IMPLEMENTATIONS = YES;
				CLANG_WARN_DIRECT_OBJC_ISA_USAGE = YES_ERROR;
				CLANG_WARN_DOCUMENTATION_COMMENTS = YES;
				CLANG_WARN_EMPTY_BODY = YES;
				CLANG_WARN_ENUM_CONVERSION = YES;
				CLANG_WARN_INFINITE_RECURSION = YES;
				CLANG_WARN_INT_CONVERSION = YES;
				CLANG_WARN_NON_LITERAL_NULL_CONVERSION = YES;
				CLANG_WARN_OBJC_IMPLICIT_RETAIN_SELF = YES;
				CLANG_WARN_OBJC_LITERAL_CONVERSION = YES;
				CLANG_WARN_OBJC_ROOT_CLASS = YES_ERROR;
				CLANG_WARN_RANGE_LOOP_ANALYSIS = YES;
				CLANG_WARN_STRICT_PROTOTYPES = YES;
				CLANG_WARN_SUSPICIOUS_MOVE = YES;
				CLANG_WARN_UNGUARDED_AVAILABILITY = YES_AGGRESSIVE;
				CLANG_WARN_UNREACHABLE_CODE = YES;
				CLANG_WARN__DUPLICATE_METHOD_MATCH = YES;
				CODE_SIGN_IDENTITY = "iPhone Developer";
				COPY_PHASE_STRIP = NO;
				DEBUG_INFORMATION_FORMAT = "dwarf-with-dsym";
				ENABLE_NS_ASSERTIONS = NO;
				ENABLE_STRICT_OBJC_MSGSEND = YES;
				GCC_C_LANGUAGE_STANDARD = gnu11;
				GCC_NO_COMMON_BLOCKS = YES;
				GCC_WARN_64_TO_32_BIT_CONVERSION = YES;
				GCC_WARN_ABOUT_RETURN_TYPE = YES_ERROR;
				GCC_WARN_UNDECLARED_SELECTOR = YES;
				GCC_WARN_UNINITIALIZED_AUTOS = YES_AGGRESSIVE;
				GCC_WARN_UNUSED_FUNCTION = YES;
				GCC_WARN_UNUSED_VARIABLE = YES;
				IPHONEOS_DEPLOYMENT_TARGET = 11.4;
				MTL_ENABLE_DEBUG_INFO = NO;
				SDKROOT = iphoneos;
				SWIFT_COMPILATION_MODE = wholemodule;
				SWIFT_OPTIMIZATION_LEVEL = "-O";
				VALIDATE_PRODUCT = YES;
			};
			name = Release;
		};
		335759FD20CDA63B0047B23B /* Debug */ = {
			isa = XCBuildConfiguration;
			buildSettings = {
				ASSETCATALOG_COMPILER_APPICON_NAME = AppIcon;
				CODE_SIGN_STYLE = Automatic;
				INFOPLIST_FILE = GroupedTableViewExtraSpace/Info.plist;
				LD_RUNPATH_SEARCH_PATHS = (
					"$(inherited)",
					"@executable_path/Frameworks",
				);
				PRODUCT_BUNDLE_IDENTIFIER = com.designatednerd.GroupedTableViewExtraSpace;
				PRODUCT_NAME = "$(TARGET_NAME)";
				SWIFT_VERSION = 4.0;
				TARGETED_DEVICE_FAMILY = "1,2";
			};
			name = Debug;
		};
		335759FE20CDA63B0047B23B /* Release */ = {
			isa = XCBuildConfiguration;
			buildSettings = {
				ASSETCATALOG_COMPILER_APPICON_NAME = AppIcon;
				CODE_SIGN_STYLE = Automatic;
				INFOPLIST_FILE = GroupedTableViewExtraSpace/Info.plist;
				LD_RUNPATH_SEARCH_PATHS = (
					"$(inherited)",
					"@executable_path/Frameworks",
				);
				PRODUCT_BUNDLE_IDENTIFIER = com.designatednerd.GroupedTableViewExtraSpace;
				PRODUCT_NAME = "$(TARGET_NAME)";
				SWIFT_VERSION = 4.0;
				TARGETED_DEVICE_FAMILY = "1,2";
			};
			name = Release;
		};
/* End XCBuildConfiguration section */

/* Begin XCConfigurationList section */
		335759E520CDA6390047B23B /* Build configuration list for PBXProject "GroupedTableViewExtraSpace" */ = {
			isa = XCConfigurationList;
			buildConfigurations = (
				335759FA20CDA63B0047B23B /* Debug */,
				335759FB20CDA63B0047B23B /* Release */,
			);
			defaultConfigurationIsVisible = 0;
			defaultConfigurationName = Release;
		};
		335759FC20CDA63B0047B23B /* Build configuration list for PBXNativeTarget "GroupedTableViewExtraSpace" */ = {
			isa = XCConfigurationList;
			buildConfigurations = (
				335759FD20CDA63B0047B23B /* Debug */,
				335759FE20CDA63B0047B23B /* Release */,
			);
			defaultConfigurationIsVisible = 0;
			defaultConfigurationName = Release;
		};
/* End XCConfigurationList section */
	};
	rootObject = 335759E220CDA6390047B23B /* Project object */;
}
